
Microsoft Visual Studio Solution File, Format Version 12.00
# Visual Studio Version 17
VisualStudioVersion = 17.14.36301.6 d17.14
MinimumVisualStudioVersion = 10.0.40219.1
Project("{FAE04EC0-301F-11D3-BF4B-00C04F79EFBC}") = "Homework5", "Homework5\Homework5.csproj", "{CA56F776-415A-4891-9123-C9D07926CE6D}"
EndProject
Global
	GlobalSection(SolutionConfigurationPlatforms) = preSolution
		Debug|Any CPU = Debug|Any CPU
		Release|Any CPU = Release|Any CPU
	EndGlobalSection
	GlobalSection(ProjectConfigurationPlatforms) = postSolution
		{CA56F776-415A-4891-9123-C9D07926CE6D}.Debug|Any CPU.ActiveCfg = Debug|Any CPU
		{CA56F776-415A-4891-9123-C9D07926CE6D}.Debug|Any CPU.Build.0 = Debug|Any CPU
		{CA56F776-415A-4891-9123-C9D07926CE6D}.Release|Any CPU.ActiveCfg = Release|Any CPU
		{CA56F776-415A-4891-9123-C9D07926CE6D}.Release|Any CPU.Build.0 = Release|Any CPU
	EndGlobalSection
	GlobalSection(SolutionProperties) = preSolution
		HideSolutionNode = FALSE
	EndGlobalSection
	GlobalSection(ExtensibilityGlobals) = postSolution
		SolutionGuid = {7F3A384F-445E-4BF0-B7F9-3EC2ABB520FC}
	EndGlobalSection
EndGlobal
